
Microsoft Visual Studio Solution File, Format Version 12.00
Project("{FAE04EC0-301F-11D3-BF4B-00C04F79EFBC}") = "AsyncAwaitEventListeners", "AsyncAwaitEventListeners.csproj", "{D2536AB8-195C-43B7-AC35-15A1A67F9BC3}"
EndProject
Global
	GlobalSection(SolutionConfigurationPlatforms) = preSolution
		Debug|Any CPU = Debug|Any CPU
		Release|Any CPU = Release|Any CPU
	EndGlobalSection
	GlobalSection(ProjectConfigurationPlatforms) = postSolution
		{D2536AB8-195C-43B7-AC35-15A1A67F9BC3}.Debug|Any CPU.ActiveCfg = Debug|Any CPU
		{D2536AB8-195C-43B7-AC35-15A1A67F9BC3}.Debug|Any CPU.Build.0 = Debug|Any CPU
		{D2536AB8-195C-43B7-AC35-15A1A67F9BC3}.Release|Any CPU.ActiveCfg = Release|Any CPU
		{D2536AB8-195C-43B7-AC35-15A1A67F9BC3}.Release|Any CPU.Build.0 = Release|Any CPU
	EndGlobalSection
EndGlobal
